
Microsoft Visual Studio Solution File, Format Version 12.00
# Visual Studio 15
VisualStudioVersion = 15.0.27703.2035
MinimumVisualStudioVersion = 10.0.40219.1
Project("{FAE04EC0-301F-11D3-BF4B-00C04F79EFBC}") = "Majora's Mask Randomiser", "Majora's Mask Randomiser.csproj", "{F365AB3C-6F06-4194-BB36-125A9E78D639}"
EndProject
Global
	GlobalSection(SolutionConfigurationPlatforms) = preSolution
		Debug|x86 = Debug|x86
		Release|x86 = Release|x86
	EndGlobalSection
	GlobalSection(ProjectConfigurationPlatforms) = postSolution
		{F365AB3C-6F06-4194-BB36-125A9E78D639}.Debug|x86.ActiveCfg = Debug|x86
		{F365AB3C-6F06-4194-BB36-125A9E78D639}.Debug|x86.Build.0 = Debug|x86
		{F365AB3C-6F06-4194-BB36-125A9E78D639}.Release|x86.ActiveCfg = Release|x86
		{F365AB3C-6F06-4194-BB36-125A9E78D639}.Release|x86.Build.0 = Release|x86
	EndGlobalSection
	GlobalSection(SolutionProperties) = preSolution
		HideSolutionNode = FALSE
	EndGlobalSection
	GlobalSection(ExtensibilityGlobals) = postSolution
		SolutionGuid = {70091DE7-A673-4CA8-9FC5-72E93686337E}
	EndGlobalSection
EndGlobal
