
Microsoft Visual Studio Solution File, Format Version 12.00
# Visual Studio Version 16
VisualStudioVersion = 16.0.29613.14
MinimumVisualStudioVersion = 10.0.40219.1
Project("{9A19103F-16F7-4668-BE54-9A1E7A4F7556}") = "MMR.CLI", "MMR.CLI\MMR.CLI.csproj", "{2E042AC8-A150-4A59-BF11-B30940464CF5}"
EndProject
Project("{9A19103F-16F7-4668-BE54-9A1E7A4F7556}") = "MMR.DiscordBot", "MMR.DiscordBot\MMR.DiscordBot.csproj", "{319F4A40-754B-4702-82C4-B5CB2EF4C7FF}"
EndProject
Project("{9A19103F-16F7-4668-BE54-9A1E7A4F7556}") = "MMR.Randomizer", "MMR.Randomizer\MMR.Randomizer.csproj", "{ADA8C910-F308-4767-9B5C-B261D22DCD45}"
EndProject
Project("{FAE04EC0-301F-11D3-BF4B-00C04F79EFBC}") = "MMR.UI", "MMR.UI\MMR.UI.csproj", "{57EE31E9-2CCE-48F0-B518-85222C31465A}"
EndProject
Project("{FAE04EC0-301F-11D3-BF4B-00C04F79EFBC}") = "MMR.Common", "MMR.Common\MMR.Common.csproj", "{2FD5DE88-CEAC-45DD-BDF2-B3F3A3B2DD56}"
EndProject
Project("{FAE04EC0-301F-11D3-BF4B-00C04F79EFBC}") = "MMR.Common.Tests", "MMR.Common.Tests\MMR.Common.Tests.csproj", "{4DC1E2EE-6DBB-4009-A756-020071FF534E}"
EndProject
Global
	GlobalSection(SolutionConfigurationPlatforms) = preSolution
		Debug|Any CPU = Debug|Any CPU
		Debug|x86 = Debug|x86
		Release|Any CPU = Release|Any CPU
		Release|x86 = Release|x86
	EndGlobalSection
	GlobalSection(ProjectConfigurationPlatforms) = postSolution
		{2E042AC8-A150-4A59-BF11-B30940464CF5}.Debug|Any CPU.ActiveCfg = Debug|Any CPU
		{2E042AC8-A150-4A59-BF11-B30940464CF5}.Debug|Any CPU.Build.0 = Debug|Any CPU
		{2E042AC8-A150-4A59-BF11-B30940464CF5}.Debug|x86.ActiveCfg = Debug|Any CPU
		{2E042AC8-A150-4A59-BF11-B30940464CF5}.Debug|x86.Build.0 = Debug|Any CPU
		{2E042AC8-A150-4A59-BF11-B30940464CF5}.Release|Any CPU.ActiveCfg = Release|Any CPU
		{2E042AC8-A150-4A59-BF11-B30940464CF5}.Release|Any CPU.Build.0 = Release|Any CPU
		{2E042AC8-A150-4A59-BF11-B30940464CF5}.Release|x86.ActiveCfg = Release|Any CPU
		{2E042AC8-A150-4A59-BF11-B30940464CF5}.Release|x86.Build.0 = Release|Any CPU
		{319F4A40-754B-4702-82C4-B5CB2EF4C7FF}.Debug|Any CPU.ActiveCfg = Debug|Any CPU
		{319F4A40-754B-4702-82C4-B5CB2EF4C7FF}.Debug|Any CPU.Build.0 = Debug|Any CPU
		{319F4A40-754B-4702-82C4-B5CB2EF4C7FF}.Debug|x86.ActiveCfg = Debug|Any CPU
		{319F4A40-754B-4702-82C4-B5CB2EF4C7FF}.Debug|x86.Build.0 = Debug|Any CPU
		{319F4A40-754B-4702-82C4-B5CB2EF4C7FF}.Release|Any CPU.ActiveCfg = Release|Any CPU
		{319F4A40-754B-4702-82C4-B5CB2EF4C7FF}.Release|Any CPU.Build.0 = Release|Any CPU
		{319F4A40-754B-4702-82C4-B5CB2EF4C7FF}.Release|x86.ActiveCfg = Release|Any CPU
		{319F4A40-754B-4702-82C4-B5CB2EF4C7FF}.Release|x86.Build.0 = Release|Any CPU
		{ADA8C910-F308-4767-9B5C-B261D22DCD45}.Debug|Any CPU.ActiveCfg = Debug|Any CPU
		{ADA8C910-F308-4767-9B5C-B261D22DCD45}.Debug|Any CPU.Build.0 = Debug|Any CPU
		{ADA8C910-F308-4767-9B5C-B261D22DCD45}.Debug|x86.ActiveCfg = Debug|Any CPU
		{ADA8C910-F308-4767-9B5C-B261D22DCD45}.Debug|x86.Build.0 = Debug|Any CPU
		{ADA8C910-F308-4767-9B5C-B261D22DCD45}.Release|Any CPU.ActiveCfg = Release|Any CPU
		{ADA8C910-F308-4767-9B5C-B261D22DCD45}.Release|Any CPU.Build.0 = Release|Any CPU
		{ADA8C910-F308-4767-9B5C-B261D22DCD45}.Release|x86.ActiveCfg = Release|Any CPU
		{ADA8C910-F308-4767-9B5C-B261D22DCD45}.Release|x86.Build.0 = Release|Any CPU
		{57EE31E9-2CCE-48F0-B518-85222C31465A}.Debug|Any CPU.ActiveCfg = Debug|Any CPU
		{57EE31E9-2CCE-48F0-B518-85222C31465A}.Debug|Any CPU.Build.0 = Debug|Any CPU
		{57EE31E9-2CCE-48F0-B518-85222C31465A}.Debug|x86.ActiveCfg = Debug|Any CPU
		{57EE31E9-2CCE-48F0-B518-85222C31465A}.Debug|x86.Build.0 = Debug|Any CPU
		{57EE31E9-2CCE-48F0-B518-85222C31465A}.Release|Any CPU.ActiveCfg = Release|Any CPU
		{57EE31E9-2CCE-48F0-B518-85222C31465A}.Release|Any CPU.Build.0 = Release|Any CPU
		{57EE31E9-2CCE-48F0-B518-85222C31465A}.Release|x86.ActiveCfg = Release|Any CPU
		{57EE31E9-2CCE-48F0-B518-85222C31465A}.Release|x86.Build.0 = Release|Any CPU
		{2FD5DE88-CEAC-45DD-BDF2-B3F3A3B2DD56}.Debug|Any CPU.ActiveCfg = Debug|Any CPU
		{2FD5DE88-CEAC-45DD-BDF2-B3F3A3B2DD56}.Debug|Any CPU.Build.0 = Debug|Any CPU
		{2FD5DE88-CEAC-45DD-BDF2-B3F3A3B2DD56}.Debug|x86.ActiveCfg = Debug|Any CPU
		{2FD5DE88-CEAC-45DD-BDF2-B3F3A3B2DD56}.Debug|x86.Build.0 = Debug|Any CPU
		{2FD5DE88-CEAC-45DD-BDF2-B3F3A3B2DD56}.Release|Any CPU.ActiveCfg = Release|Any CPU
		{2FD5DE88-CEAC-45DD-BDF2-B3F3A3B2DD56}.Release|Any CPU.Build.0 = Release|Any CPU
		{2FD5DE88-CEAC-45DD-BDF2-B3F3A3B2DD56}.Release|x86.ActiveCfg = Release|Any CPU
		{2FD5DE88-CEAC-45DD-BDF2-B3F3A3B2DD56}.Release|x86.Build.0 = Release|Any CPU
		{4DC1E2EE-6DBB-4009-A756-020071FF534E}.Debug|Any CPU.ActiveCfg = Debug|Any CPU
		{4DC1E2EE-6DBB-4009-A756-020071FF534E}.Debug|Any CPU.Build.0 = Debug|Any CPU
		{4DC1E2EE-6DBB-4009-A756-020071FF534E}.Debug|x86.ActiveCfg = Debug|Any CPU
		{4DC1E2EE-6DBB-4009-A756-020071FF534E}.Debug|x86.Build.0 = Debug|Any CPU
		{4DC1E2EE-6DBB-4009-A756-020071FF534E}.Release|Any CPU.ActiveCfg = Release|Any CPU
		{4DC1E2EE-6DBB-4009-A756-020071FF534E}.Release|Any CPU.Build.0 = Release|Any CPU
		{4DC1E2EE-6DBB-4009-A756-020071FF534E}.Release|x86.ActiveCfg = Release|Any CPU
		{4DC1E2EE-6DBB-4009-A756-020071FF534E}.Release|x86.Build.0 = Release|Any CPU
	EndGlobalSection
	GlobalSection(SolutionProperties) = preSolution
		HideSolutionNode = FALSE
	EndGlobalSection
	GlobalSection(ExtensibilityGlobals) = postSolution
		SolutionGuid = {6D101651-6A44-474F-A539-B24498527308}
	EndGlobalSection
EndGlobal
